
Microsoft Visual Studio Solution File, Format Version 12.00
# Visual Studio 15
VisualStudioVersion = 15.0.28307.489
MinimumVisualStudioVersion = 10.0.40219.1
Project("{FAE04EC0-301F-11D3-BF4B-00C04F79EFBC}") = "ProjectMayhem", "ProjectMayhem\ProjectMayhem.csproj", "{FC11D297-959C-41EB-BEFB-A10D3BDD151D}"
EndProject
Global
	GlobalSection(SolutionConfigurationPlatforms) = preSolution
		Debug|Any CPU = Debug|Any CPU
		Release|Any CPU = Release|Any CPU
	EndGlobalSection
	GlobalSection(ProjectConfigurationPlatforms) = postSolution
		{FC11D297-959C-41EB-BEFB-A10D3BDD151D}.Debug|Any CPU.ActiveCfg = Debug|Any CPU
		{FC11D297-959C-41EB-BEFB-A10D3BDD151D}.Debug|Any CPU.Build.0 = Debug|Any CPU
		{FC11D297-959C-41EB-BEFB-A10D3BDD151D}.Release|Any CPU.ActiveCfg = Release|Any CPU
		{FC11D297-959C-41EB-BEFB-A10D3BDD151D}.Release|Any CPU.Build.0 = Release|Any CPU
	EndGlobalSection
	GlobalSection(SolutionProperties) = preSolution
		HideSolutionNode = FALSE
	EndGlobalSection
	GlobalSection(ExtensibilityGlobals) = postSolution
		SolutionGuid = {3BE47EEC-FDE0-4B82-BFFC-77B9C6F139E5}
	EndGlobalSection
EndGlobal
