
Microsoft Visual Studio Solution File, Format Version 12.00
# Visual Studio Version 16
VisualStudioVersion = 16.0.29806.167
MinimumVisualStudioVersion = 10.0.40219.1
Project("{FAE04EC0-301F-11D3-BF4B-00C04F79EFBC}") = "ProjectMayhem", "ProjectMayhem\ProjectMayhem.csproj", "{3DFF5298-1C08-43AC-9B08-DC1CAC8DEA3E}"
EndProject
Project("{FAE04EC0-301F-11D3-BF4B-00C04F79EFBC}") = "ProjectMayhem.Tests", "ProjectMayhem.Tests\ProjectMayhem.Tests.csproj", "{939D98A6-F69E-463D-80F2-2C6D790E8A45}"
EndProject
Global
	GlobalSection(SolutionConfigurationPlatforms) = preSolution
		Debug|Any CPU = Debug|Any CPU
		Release|Any CPU = Release|Any CPU
	EndGlobalSection
	GlobalSection(ProjectConfigurationPlatforms) = postSolution
		{3DFF5298-1C08-43AC-9B08-DC1CAC8DEA3E}.Debug|Any CPU.ActiveCfg = Debug|Any CPU
		{3DFF5298-1C08-43AC-9B08-DC1CAC8DEA3E}.Debug|Any CPU.Build.0 = Debug|Any CPU
		{3DFF5298-1C08-43AC-9B08-DC1CAC8DEA3E}.Release|Any CPU.ActiveCfg = Release|Any CPU
		{3DFF5298-1C08-43AC-9B08-DC1CAC8DEA3E}.Release|Any CPU.Build.0 = Release|Any CPU
		{939D98A6-F69E-463D-80F2-2C6D790E8A45}.Debug|Any CPU.ActiveCfg = Debug|Any CPU
		{939D98A6-F69E-463D-80F2-2C6D790E8A45}.Debug|Any CPU.Build.0 = Debug|Any CPU
		{939D98A6-F69E-463D-80F2-2C6D790E8A45}.Release|Any CPU.ActiveCfg = Release|Any CPU
		{939D98A6-F69E-463D-80F2-2C6D790E8A45}.Release|Any CPU.Build.0 = Release|Any CPU
	EndGlobalSection
	GlobalSection(SolutionProperties) = preSolution
		HideSolutionNode = FALSE
	EndGlobalSection
	GlobalSection(ExtensibilityGlobals) = postSolution
		SolutionGuid = {3BE47EEC-FDE0-4B82-BFFC-77B9C6F139E5}
	EndGlobalSection
EndGlobal
